
Microsoft Visual Studio Solution File, Format Version 12.00
# Visual Studio 15
VisualStudioVersion = 15.0.28010.2048
MinimumVisualStudioVersion = 10.0.40219.1
Project("{FAE04EC0-301F-11D3-BF4B-00C04F79EFBC}") = "ConnectedSupplierFileManager", "ConnectedSupplierFileManager\ConnectedSupplierFileManager.csproj", "{B9A3CF23-E805-40D8-A6E4-BC9412C4D3B8}"
EndProject
Global
	GlobalSection(SolutionConfigurationPlatforms) = preSolution
		Debug|Any CPU = Debug|Any CPU
		Release|Any CPU = Release|Any CPU
	EndGlobalSection
	GlobalSection(ProjectConfigurationPlatforms) = postSolution
		{B9A3CF23-E805-40D8-A6E4-BC9412C4D3B8}.Debug|Any CPU.ActiveCfg = Debug|Any CPU
		{B9A3CF23-E805-40D8-A6E4-BC9412C4D3B8}.Debug|Any CPU.Build.0 = Debug|Any CPU
		{B9A3CF23-E805-40D8-A6E4-BC9412C4D3B8}.Release|Any CPU.ActiveCfg = Release|Any CPU
		{B9A3CF23-E805-40D8-A6E4-BC9412C4D3B8}.Release|Any CPU.Build.0 = Release|Any CPU
	EndGlobalSection
	GlobalSection(SolutionProperties) = preSolution
		HideSolutionNode = FALSE
	EndGlobalSection
	GlobalSection(ExtensibilityGlobals) = postSolution
		SolutionGuid = {BBE86702-ACA8-46A9-A1D4-C1F109EF8D0A}
	EndGlobalSection
EndGlobal
